
Microsoft Visual Studio Solution File, Format Version 12.00
# Visual Studio 14
VisualStudioVersion = 14.0.25123.0
MinimumVisualStudioVersion = 10.0.40219.1
Project("{2150E333-8FDC-42A3-9474-1A3956D46DE8}") = "src", "src", "{91D1DD41-311A-41C5-A2F8-EC2E5FC295C9}"
EndProject
Project("{2150E333-8FDC-42A3-9474-1A3956D46DE8}") = "Solution Items", "Solution Items", "{6CAA9C63-D351-4974-859D-E01C52B9E297}"
	ProjectSection(SolutionItems) = preProject
		global.json = global.json
	EndProjectSection
EndProject
Project("{8BB2217D-0F2D-49D1-97BC-3654ED321F3B}") = "WebApiFrom", "src\WebApiFrom\WebApiFrom.xproj", "{E9D397CC-4D93-4D49-9AD4-4B208FF5AC62}"
EndProject
Project("{8BB2217D-0F2D-49D1-97BC-3654ED321F3B}") = "WebApiTo", "src\WebApiTo\WebApiTo.xproj", "{3A7F3161-ABF1-4D9B-98D1-220ABE2F8DF0}"
EndProject
Global
	GlobalSection(SolutionConfigurationPlatforms) = preSolution
		Debug|Any CPU = Debug|Any CPU
		Release|Any CPU = Release|Any CPU
	EndGlobalSection
	GlobalSection(ProjectConfigurationPlatforms) = postSolution
		{E9D397CC-4D93-4D49-9AD4-4B208FF5AC62}.Debug|Any CPU.ActiveCfg = Debug|Any CPU
		{E9D397CC-4D93-4D49-9AD4-4B208FF5AC62}.Debug|Any CPU.Build.0 = Debug|Any CPU
		{E9D397CC-4D93-4D49-9AD4-4B208FF5AC62}.Release|Any CPU.ActiveCfg = Release|Any CPU
		{E9D397CC-4D93-4D49-9AD4-4B208FF5AC62}.Release|Any CPU.Build.0 = Release|Any CPU
		{3A7F3161-ABF1-4D9B-98D1-220ABE2F8DF0}.Debug|Any CPU.ActiveCfg = Debug|Any CPU
		{3A7F3161-ABF1-4D9B-98D1-220ABE2F8DF0}.Debug|Any CPU.Build.0 = Debug|Any CPU
		{3A7F3161-ABF1-4D9B-98D1-220ABE2F8DF0}.Release|Any CPU.ActiveCfg = Release|Any CPU
		{3A7F3161-ABF1-4D9B-98D1-220ABE2F8DF0}.Release|Any CPU.Build.0 = Release|Any CPU
	EndGlobalSection
	GlobalSection(SolutionProperties) = preSolution
		HideSolutionNode = FALSE
	EndGlobalSection
	GlobalSection(NestedProjects) = preSolution
		{E9D397CC-4D93-4D49-9AD4-4B208FF5AC62} = {91D1DD41-311A-41C5-A2F8-EC2E5FC295C9}
		{3A7F3161-ABF1-4D9B-98D1-220ABE2F8DF0} = {91D1DD41-311A-41C5-A2F8-EC2E5FC295C9}
	EndGlobalSection
EndGlobal
